
Microsoft Visual Studio Solution File, Format Version 12.00
# Visual Studio 2013
VisualStudioVersion = 12.0.21005.1
MinimumVisualStudioVersion = 10.0.40219.1
Project("{FAE04EC0-301F-11D3-BF4B-00C04F79EFBC}") = "Ost-RDP", "Ost-RDP\Ost-RDP.csproj", "{BD741E5E-D6BF-4511-ACB9-F711DBB26507}"
EndProject
Global
	GlobalSection(SolutionConfigurationPlatforms) = preSolution
		Debug|Any CPU = Debug|Any CPU
		Debug|Default = Debug|Default
		Debug|x64 = Debug|x64
		Release|Any CPU = Release|Any CPU
		Release|Default = Release|Default
		Release|x64 = Release|x64
	EndGlobalSection
	GlobalSection(ProjectConfigurationPlatforms) = postSolution
		{BD741E5E-D6BF-4511-ACB9-F711DBB26507}.Debug|Any CPU.ActiveCfg = Release|Any CPU
		{BD741E5E-D6BF-4511-ACB9-F711DBB26507}.Debug|Any CPU.Build.0 = Release|Any CPU
		{BD741E5E-D6BF-4511-ACB9-F711DBB26507}.Debug|Default.ActiveCfg = Debug|x64
		{BD741E5E-D6BF-4511-ACB9-F711DBB26507}.Debug|x64.ActiveCfg = Debug|x64
		{BD741E5E-D6BF-4511-ACB9-F711DBB26507}.Release|Any CPU.ActiveCfg = Release|Any CPU
		{BD741E5E-D6BF-4511-ACB9-F711DBB26507}.Release|Default.ActiveCfg = Release|Any CPU
		{BD741E5E-D6BF-4511-ACB9-F711DBB26507}.Release|x64.ActiveCfg = Release|Any CPU
	EndGlobalSection
	GlobalSection(SolutionProperties) = preSolution
		HideSolutionNode = FALSE
	EndGlobalSection
	GlobalSection(ExtensibilityGlobals) = postSolution
		SolutionGuid = {B6B36D1F-23EA-497F-9627-2AE9868C71DB}
	EndGlobalSection
	GlobalSection(SolutionConfigurationPlatforms) = preSolution
		Debug|Any CPU = Debug|Any CPU
		Debug|Default = Debug|Default
		Debug|x64 = Debug|x64
		Release|Any CPU = Release|Any CPU
		Release|Default = Release|Default
		Release|x64 = Release|x64
	EndGlobalSection
	GlobalSection(SolutionConfigurationPlatforms) = preSolution
		Debug|Any CPU = Debug|Any CPU
		Debug|Default = Debug|Default
		Debug|x64 = Debug|x64
		Release|Any CPU = Release|Any CPU
		Release|Default = Release|Default
		Release|x64 = Release|x64
	EndGlobalSection
	GlobalSection(SolutionConfigurationPlatforms) = preSolution
		Debug|Any CPU = Debug|Any CPU
		Debug|Default = Debug|Default
		Debug|x64 = Debug|x64
		Release|Any CPU = Release|Any CPU
		Release|Default = Release|Default
		Release|x64 = Release|x64
	EndGlobalSection
EndGlobal
